
Microsoft Visual Studio Solution File, Format Version 12.00
# Visual Studio Version 17
VisualStudioVersion = 17.14.36301.6 d17.14
MinimumVisualStudioVersion = 10.0.40219.1
Project("{F184B08F-C81C-45F6-A57F-5ABD9991F28F}") = "Invent2025", "Invent2025.vbproj", "{F1137A3C-F7AB-4A9E-B7F8-3E33F06A0660}"
EndProject
Global
	GlobalSection(SolutionConfigurationPlatforms) = preSolution
		Debug|Any CPU = Debug|Any CPU
		Release|Any CPU = Release|Any CPU
	EndGlobalSection
	GlobalSection(ProjectConfigurationPlatforms) = postSolution
		{F1137A3C-F7AB-4A9E-B7F8-3E33F06A0660}.Debug|Any CPU.ActiveCfg = Debug|Any CPU
		{F1137A3C-F7AB-4A9E-B7F8-3E33F06A0660}.Debug|Any CPU.Build.0 = Debug|Any CPU
		{F1137A3C-F7AB-4A9E-B7F8-3E33F06A0660}.Release|Any CPU.ActiveCfg = Release|Any CPU
		{F1137A3C-F7AB-4A9E-B7F8-3E33F06A0660}.Release|Any CPU.Build.0 = Release|Any CPU
	EndGlobalSection
	GlobalSection(SolutionProperties) = preSolution
		HideSolutionNode = FALSE
	EndGlobalSection
	GlobalSection(ExtensibilityGlobals) = postSolution
		SolutionGuid = {B3FB39FC-7472-4F5F-A238-AA15B14B32B7}
	EndGlobalSection
EndGlobal
